
Microsoft Visual Studio Solution File, Format Version 12.00
# Visual Studio Version 17
VisualStudioVersion = 17.3.32825.248
MinimumVisualStudioVersion = 10.0.40219.1
Project("{FAE04EC0-301F-11D3-BF4B-00C04F79EFBC}") = "TelegramBot", "TelegramBot\TelegramBot.csproj", "{A1FCC39E-1381-48C8-ACE6-8CC52F8EAD83}"
EndProject
Global
	GlobalSection(SolutionConfigurationPlatforms) = preSolution
		Debug|Any CPU = Debug|Any CPU
		Release|Any CPU = Release|Any CPU
	EndGlobalSection
	GlobalSection(ProjectConfigurationPlatforms) = postSolution
		{A1FCC39E-1381-48C8-ACE6-8CC52F8EAD83}.Debug|Any CPU.ActiveCfg = Debug|Any CPU
		{A1FCC39E-1381-48C8-ACE6-8CC52F8EAD83}.Debug|Any CPU.Build.0 = Debug|Any CPU
		{A1FCC39E-1381-48C8-ACE6-8CC52F8EAD83}.Release|Any CPU.ActiveCfg = Release|Any CPU
		{A1FCC39E-1381-48C8-ACE6-8CC52F8EAD83}.Release|Any CPU.Build.0 = Release|Any CPU
	EndGlobalSection
	GlobalSection(SolutionProperties) = preSolution
		HideSolutionNode = FALSE
	EndGlobalSection
	GlobalSection(ExtensibilityGlobals) = postSolution
		SolutionGuid = {9A96864C-DC93-4EFE-BCC9-72B9221786E1}
	EndGlobalSection
EndGlobal
